
Microsoft Visual Studio Solution File, Format Version 9.00
# Visual Studio 2005
Project("{8BC9CEB8-8B4A-11D0-8D11-00A0C91BC942}") = "Tetris", "Tetris\Tetris.vcproj", "{2EE614D9-FD8F-494A-9CC6-C7E1D43CA77D}"
EndProject
Global
	GlobalSection(SolutionConfigurationPlatforms) = preSolution
		Debug|Win32 = Debug|Win32
		Release|Win32 = Release|Win32
	EndGlobalSection
	GlobalSection(ProjectConfigurationPlatforms) = postSolution
		{2EE614D9-FD8F-494A-9CC6-C7E1D43CA77D}.Debug|Win32.ActiveCfg = Debug|Win32
		{2EE614D9-FD8F-494A-9CC6-C7E1D43CA77D}.Debug|Win32.Build.0 = Debug|Win32
		{2EE614D9-FD8F-494A-9CC6-C7E1D43CA77D}.Release|Win32.ActiveCfg = Release|Win32
		{2EE614D9-FD8F-494A-9CC6-C7E1D43CA77D}.Release|Win32.Build.0 = Release|Win32
	EndGlobalSection
	GlobalSection(SolutionProperties) = preSolution
		HideSolutionNode = FALSE
	EndGlobalSection
EndGlobal
